// !$*UTF8*$!
{
	archiveVersion = 1;
	classes = {
	};
	objectVersion = 46;
	objects = {

/* Begin PBXBuildFile section */
		59715E8DDD474E789C7DAE64 /* libPods-hehe-APIManagerDemo.a in Frameworks */ = {isa = PBXBuildFile; fileRef = 68B953C8F05B739800F3FAA3 /* libPods-hehe-APIManagerDemo.a */; };
		771F49A21E0A2D9300BB30B1 /* APIBaseReformer.m in Sources */ = {isa = PBXBuildFile; fileRef = 771F49941E0A2D9300BB30B1 /* APIBaseReformer.m */; };
		771F49A31E0A2D9300BB30B1 /* APIManagerListAPI.m in Sources */ = {isa = PBXBuildFile; fileRef = 771F49971E0A2D9300BB30B1 /* APIManagerListAPI.m */; };
		771F49A41E0A2D9300BB30B1 /* SJQBaseAPIManager.m in Sources */ = {isa = PBXBuildFile; fileRef = 771F499A1E0A2D9300BB30B1 /* SJQBaseAPIManager.m */; };
		771F49A51E0A2D9300BB30B1 /* SJQNetworkReachability.m in Sources */ = {isa = PBXBuildFile; fileRef = 771F499C1E0A2D9300BB30B1 /* SJQNetworkReachability.m */; };
		771F49A61E0A2D9300BB30B1 /* SJQCacheObject.m in Sources */ = {isa = PBXBuildFile; fileRef = 771F499F1E0A2D9300BB30B1 /* SJQCacheObject.m */; };
		771F49A71E0A2D9300BB30B1 /* SJQRequestCache.m in Sources */ = {isa = PBXBuildFile; fileRef = 771F49A11E0A2D9300BB30B1 /* SJQRequestCache.m */; };
		77A112661DD4705D0048310B /* main.m in Sources */ = {isa = PBXBuildFile; fileRef = 77A112651DD4705D0048310B /* main.m */; };
		77A112691DD4705D0048310B /* AppDelegate.m in Sources */ = {isa = PBXBuildFile; fileRef = 77A112681DD4705D0048310B /* AppDelegate.m */; };
		77A1126C1DD4705D0048310B /* ViewController.m in Sources */ = {isa = PBXBuildFile; fileRef = 77A1126B1DD4705D0048310B /* ViewController.m */; };
		77A1126F1DD4705D0048310B /* Main.storyboard in Resources */ = {isa = PBXBuildFile; fileRef = 77A1126D1DD4705D0048310B /* Main.storyboard */; };
		77A112711DD4705D0048310B /* Assets.xcassets in Resources */ = {isa = PBXBuildFile; fileRef = 77A112701DD4705D0048310B /* Assets.xcassets */; };
		77A112741DD4705D0048310B /* LaunchScreen.storyboard in Resources */ = {isa = PBXBuildFile; fileRef = 77A112721DD4705D0048310B /* LaunchScreen.storyboard */; };
/* End PBXBuildFile section */

/* Begin PBXFileReference section */
		0074F75095155D6572A372A9 /* Pods-hehe-APIManagerDemo.release.xcconfig */ = {isa = PBXFileReference; includeInIndex = 1; lastKnownFileType = text.xcconfig; name = "Pods-hehe-APIManagerDemo.release.xcconfig"; path = "Pods/Target Support Files/Pods-hehe-APIManagerDemo/Pods-hehe-APIManagerDemo.release.xcconfig"; sourceTree = "<group>"; };
		62F6EAF39392FE1F46EADC02 /* Pods-hehe-APIManagerDemo.debug.xcconfig */ = {isa = PBXFileReference; includeInIndex = 1; lastKnownFileType = text.xcconfig; name = "Pods-hehe-APIManagerDemo.debug.xcconfig"; path = "Pods/Target Support Files/Pods-hehe-APIManagerDemo/Pods-hehe-APIManagerDemo.debug.xcconfig"; sourceTree = "<group>"; };
		68B953C8F05B739800F3FAA3 /* libPods-hehe-APIManagerDemo.a */ = {isa = PBXFileReference; explicitFileType = archive.ar; includeInIndex = 0; path = "libPods-hehe-APIManagerDemo.a"; sourceTree = BUILT_PRODUCTS_DIR; };
		771F49911E0A2D9300BB30B1 /* APIManager.h */ = {isa = PBXFileReference; fileEncoding = 4; lastKnownFileType = sourcecode.c.h; path = APIManager.h; sourceTree = "<group>"; };
		771F49931E0A2D9300BB30B1 /* APIBaseReformer.h */ = {isa = PBXFileReference; fileEncoding = 4; lastKnownFileType = sourcecode.c.h; path = APIBaseReformer.h; sourceTree = "<group>"; };
		771F49941E0A2D9300BB30B1 /* APIBaseReformer.m */ = {isa = PBXFileReference; fileEncoding = 4; lastKnownFileType = sourcecode.c.objc; path = APIBaseReformer.m; sourceTree = "<group>"; };
		771F49961E0A2D9300BB30B1 /* APIManagerListAPI.h */ = {isa = PBXFileReference; fileEncoding = 4; lastKnownFileType = sourcecode.c.h; path = APIManagerListAPI.h; sourceTree = "<group>"; };
		771F49971E0A2D9300BB30B1 /* APIManagerListAPI.m */ = {isa = PBXFileReference; fileEncoding = 4; lastKnownFileType = sourcecode.c.objc; path = APIManagerListAPI.m; sourceTree = "<group>"; };
		771F49981E0A2D9300BB30B1 /* APIManagerResponseDataReformer.h */ = {isa = PBXFileReference; fileEncoding = 4; lastKnownFileType = sourcecode.c.h; path = APIManagerResponseDataReformer.h; sourceTree = "<group>"; };
		771F49991E0A2D9300BB30B1 /* SJQBaseAPIManager.h */ = {isa = PBXFileReference; fileEncoding = 4; lastKnownFileType = sourcecode.c.h; path = SJQBaseAPIManager.h; sourceTree = "<group>"; };
		771F499A1E0A2D9300BB30B1 /* SJQBaseAPIManager.m */ = {isa = PBXFileReference; fileEncoding = 4; lastKnownFileType = sourcecode.c.objc; path = SJQBaseAPIManager.m; sourceTree = "<group>"; };
		771F499B1E0A2D9300BB30B1 /* SJQNetworkReachability.h */ = {isa = PBXFileReference; fileEncoding = 4; lastKnownFileType = sourcecode.c.h; path = SJQNetworkReachability.h; sourceTree = "<group>"; };
		771F499C1E0A2D9300BB30B1 /* SJQNetworkReachability.m */ = {isa = PBXFileReference; fileEncoding = 4; lastKnownFileType = sourcecode.c.objc; path = SJQNetworkReachability.m; sourceTree = "<group>"; };
		771F499E1E0A2D9300BB30B1 /* SJQCacheObject.h */ = {isa = PBXFileReference; fileEncoding = 4; lastKnownFileType = sourcecode.c.h; path = SJQCacheObject.h; sourceTree = "<group>"; };
		771F499F1E0A2D9300BB30B1 /* SJQCacheObject.m */ = {isa = PBXFileReference; fileEncoding = 4; lastKnownFileType = sourcecode.c.objc; path = SJQCacheObject.m; sourceTree = "<group>"; };
		771F49A01E0A2D9300BB30B1 /* SJQRequestCache.h */ = {isa = PBXFileReference; fileEncoding = 4; lastKnownFileType = sourcecode.c.h; path = SJQRequestCache.h; sourceTree = "<group>"; };
		771F49A11E0A2D9300BB30B1 /* SJQRequestCache.m */ = {isa = PBXFileReference; fileEncoding = 4; lastKnownFileType = sourcecode.c.objc; path = SJQRequestCache.m; sourceTree = "<group>"; };
		77A112611DD4705D0048310B /* APIManagerDemo.app */ = {isa = PBXFileReference; explicitFileType = wrapper.application; includeInIndex = 0; path = APIManagerDemo.app; sourceTree = BUILT_PRODUCTS_DIR; };
		77A112651DD4705D0048310B /* main.m */ = {isa = PBXFileReference; lastKnownFileType = sourcecode.c.objc; path = main.m; sourceTree = "<group>"; };
		77A112671DD4705D0048310B /* AppDelegate.h */ = {isa = PBXFileReference; lastKnownFileType = sourcecode.c.h; path = AppDelegate.h; sourceTree = "<group>"; };
		77A112681DD4705D0048310B /* AppDelegate.m */ = {isa = PBXFileReference; lastKnownFileType = sourcecode.c.objc; path = AppDelegate.m; sourceTree = "<group>"; };
		77A1126A1DD4705D0048310B /* ViewController.h */ = {isa = PBXFileReference; lastKnownFileType = sourcecode.c.h; path = ViewController.h; sourceTree = "<group>"; };
		77A1126B1DD4705D0048310B /* ViewController.m */ = {isa = PBXFileReference; lastKnownFileType = sourcecode.c.objc; path = ViewController.m; sourceTree = "<group>"; };
		77A1126E1DD4705D0048310B /* Base */ = {isa = PBXFileReference; lastKnownFileType = file.storyboard; name = Base; path = Base.lproj/Main.storyboard; sourceTree = "<group>"; };
		77A112701DD4705D0048310B /* Assets.xcassets */ = {isa = PBXFileReference; lastKnownFileType = folder.assetcatalog; path = Assets.xcassets; sourceTree = "<group>"; };
		77A112731DD4705D0048310B /* Base */ = {isa = PBXFileReference; lastKnownFileType = file.storyboard; name = Base; path = Base.lproj/LaunchScreen.storyboard; sourceTree = "<group>"; };
		77A112751DD4705D0048310B /* Info.plist */ = {isa = PBXFileReference; lastKnownFileType = text.plist.xml; path = Info.plist; sourceTree = "<group>"; };
/* End PBXFileReference section */

/* Begin PBXFrameworksBuildPhase section */
		77A1125E1DD4705D0048310B /* Frameworks */ = {
			isa = PBXFrameworksBuildPhase;
			buildActionMask = 2147483647;
			files = (
				59715E8DDD474E789C7DAE64 /* libPods-hehe-APIManagerDemo.a in Frameworks */,
			);
			runOnlyForDeploymentPostprocessing = 0;
		};
/* End PBXFrameworksBuildPhase section */

/* Begin PBXGroup section */
		76DD049AAD0B5A1A992DBD0B /* Pods */ = {
			isa = PBXGroup;
			children = (
				62F6EAF39392FE1F46EADC02 /* Pods-hehe-APIManagerDemo.debug.xcconfig */,
				0074F75095155D6572A372A9 /* Pods-hehe-APIManagerDemo.release.xcconfig */,
			);
			name = Pods;
			sourceTree = "<group>";
		};
		771F49901E0A2D9300BB30B1 /* Classes */ = {
			isa = PBXGroup;
			children = (
				771F49911E0A2D9300BB30B1 /* APIManager.h */,
				771F49921E0A2D9300BB30B1 /* APIResponseReformers */,
				771F49951E0A2D9300BB30B1 /* Base */,
				771F499D1E0A2D9300BB30B1 /* Cache */,
			);
			name = Classes;
			path = ../Classes;
			sourceTree = "<group>";
		};
		771F49921E0A2D9300BB30B1 /* APIResponseReformers */ = {
			isa = PBXGroup;
			children = (
				771F49931E0A2D9300BB30B1 /* APIBaseReformer.h */,
				771F49941E0A2D9300BB30B1 /* APIBaseReformer.m */,
			);
			path = APIResponseReformers;
			sourceTree = "<group>";
		};
		771F49951E0A2D9300BB30B1 /* Base */ = {
			isa = PBXGroup;
			children = (
				771F49961E0A2D9300BB30B1 /* APIManagerListAPI.h */,
				771F49971E0A2D9300BB30B1 /* APIManagerListAPI.m */,
				771F49981E0A2D9300BB30B1 /* APIManagerResponseDataReformer.h */,
				771F49991E0A2D9300BB30B1 /* SJQBaseAPIManager.h */,
				771F499A1E0A2D9300BB30B1 /* SJQBaseAPIManager.m */,
				771F499B1E0A2D9300BB30B1 /* SJQNetworkReachability.h */,
				771F499C1E0A2D9300BB30B1 /* SJQNetworkReachability.m */,
			);
			path = Base;
			sourceTree = "<group>";
		};
		771F499D1E0A2D9300BB30B1 /* Cache */ = {
			isa = PBXGroup;
			children = (
				771F499E1E0A2D9300BB30B1 /* SJQCacheObject.h */,
				771F499F1E0A2D9300BB30B1 /* SJQCacheObject.m */,
				771F49A01E0A2D9300BB30B1 /* SJQRequestCache.h */,
				771F49A11E0A2D9300BB30B1 /* SJQRequestCache.m */,
			);
			path = Cache;
			sourceTree = "<group>";
		};
		77A112581DD4705D0048310B = {
			isa = PBXGroup;
			children = (
				771F49901E0A2D9300BB30B1 /* Classes */,
				77A112631DD4705D0048310B /* APIManagerDemo */,
				77A112621DD4705D0048310B /* Products */,
				76DD049AAD0B5A1A992DBD0B /* Pods */,
				8C6623957E908DA9B1E90D69 /* Frameworks */,
			);
			sourceTree = "<group>";
		};
		77A112621DD4705D0048310B /* Products */ = {
			isa = PBXGroup;
			children = (
				77A112611DD4705D0048310B /* APIManagerDemo.app */,
			);
			name = Products;
			sourceTree = "<group>";
		};
		77A112631DD4705D0048310B /* APIManagerDemo */ = {
			isa = PBXGroup;
			children = (
				77A112671DD4705D0048310B /* AppDelegate.h */,
				77A112681DD4705D0048310B /* AppDelegate.m */,
				77A1126A1DD4705D0048310B /* ViewController.h */,
				77A1126B1DD4705D0048310B /* ViewController.m */,
				77A1126D1DD4705D0048310B /* Main.storyboard */,
				77A112701DD4705D0048310B /* Assets.xcassets */,
				77A112721DD4705D0048310B /* LaunchScreen.storyboard */,
				77A112751DD4705D0048310B /* Info.plist */,
				77A112641DD4705D0048310B /* Supporting Files */,
			);
			path = APIManagerDemo;
			sourceTree = "<group>";
		};
		77A112641DD4705D0048310B /* Supporting Files */ = {
			isa = PBXGroup;
			children = (
				77A112651DD4705D0048310B /* main.m */,
			);
			name = "Supporting Files";
			sourceTree = "<group>";
		};
		8C6623957E908DA9B1E90D69 /* Frameworks */ = {
			isa = PBXGroup;
			children = (
				68B953C8F05B739800F3FAA3 /* libPods-hehe-APIManagerDemo.a */,
			);
			name = Frameworks;
			sourceTree = "<group>";
		};
/* End PBXGroup section */

/* Begin PBXNativeTarget section */
		77A112601DD4705D0048310B /* APIManagerDemo */ = {
			isa = PBXNativeTarget;
			buildConfigurationList = 77A112781DD4705D0048310B /* Build configuration list for PBXNativeTarget "APIManagerDemo" */;
			buildPhases = (
				B1AF5A9D6F630751E431949F /* [CP] Check Pods Manifest.lock */,
				77A1125D1DD4705D0048310B /* Sources */,
				77A1125E1DD4705D0048310B /* Frameworks */,
				77A1125F1DD4705D0048310B /* Resources */,
				B138AEF06814ADFF86DF7140 /* [CP] Embed Pods Frameworks */,
				93350BE50785EADA278BAC83 /* [CP] Copy Pods Resources */,
			);
			buildRules = (
			);
			dependencies = (
			);
			name = APIManagerDemo;
			productName = APIManagerDemo;
			productReference = 77A112611DD4705D0048310B /* APIManagerDemo.app */;
			productType = "com.apple.product-type.application";
		};
/* End PBXNativeTarget section */

/* Begin PBXProject section */
		77A112591DD4705D0048310B /* Project object */ = {
			isa = PBXProject;
			attributes = {
				LastUpgradeCheck = 0810;
				ORGANIZATIONNAME = yshbyy;
				TargetAttributes = {
					77A112601DD4705D0048310B = {
						CreatedOnToolsVersion = 8.1;
						DevelopmentTeam = 8LR69FR7QG;
						ProvisioningStyle = Automatic;
					};
				};
			};
			buildConfigurationList = 77A1125C1DD4705D0048310B /* Build configuration list for PBXProject "APIManagerDemo" */;
			compatibilityVersion = "Xcode 3.2";
			developmentRegion = English;
			hasScannedForEncodings = 0;
			knownRegions = (
				en,
				Base,
			);
			mainGroup = 77A112581DD4705D0048310B;
			productRefGroup = 77A112621DD4705D0048310B /* Products */;
			projectDirPath = "";
			projectRoot = "";
			targets = (
				77A112601DD4705D0048310B /* APIManagerDemo */,
			);
		};
/* End PBXProject section */

/* Begin PBXResourcesBuildPhase section */
		77A1125F1DD4705D0048310B /* Resources */ = {
			isa = PBXResourcesBuildPhase;
			buildActionMask = 2147483647;
			files = (
				77A112741DD4705D0048310B /* LaunchScreen.storyboard in Resources */,
				77A112711DD4705D0048310B /* Assets.xcassets in Resources */,
				77A1126F1DD4705D0048310B /* Main.storyboard in Resources */,
			);
			runOnlyForDeploymentPostprocessing = 0;
		};
/* End PBXResourcesBuildPhase section */

/* Begin PBXShellScriptBuildPhase section */
		93350BE50785EADA278BAC83 /* [CP] Copy Pods Resources */ = {
			isa = PBXShellScriptBuildPhase;
			buildActionMask = 2147483647;
			files = (
			);
			inputPaths = (
			);
			name = "[CP] Copy Pods Resources";
			outputPaths = (
			);
			runOnlyForDeploymentPostprocessing = 0;
			shellPath = /bin/sh;
			shellScript = "\"${SRCROOT}/Pods/Target Support Files/Pods-hehe-APIManagerDemo/Pods-hehe-APIManagerDemo-resources.sh\"\n";
			showEnvVarsInLog = 0;
		};
		B138AEF06814ADFF86DF7140 /* [CP] Embed Pods Frameworks */ = {
			isa = PBXShellScriptBuildPhase;
			buildActionMask = 2147483647;
			files = (
			);
			inputPaths = (
			);
			name = "[CP] Embed Pods Frameworks";
			outputPaths = (
			);
			runOnlyForDeploymentPostprocessing = 0;
			shellPath = /bin/sh;
			shellScript = "\"${SRCROOT}/Pods/Target Support Files/Pods-hehe-APIManagerDemo/Pods-hehe-APIManagerDemo-frameworks.sh\"\n";
			showEnvVarsInLog = 0;
		};
		B1AF5A9D6F630751E431949F /* [CP] Check Pods Manifest.lock */ = {
			isa = PBXShellScriptBuildPhase;
			buildActionMask = 2147483647;
			files = (
			);
			inputPaths = (
			);
			name = "[CP] Check Pods Manifest.lock";
			outputPaths = (
			);
			runOnlyForDeploymentPostprocessing = 0;
			shellPath = /bin/sh;
			shellScript = "diff \"${PODS_ROOT}/../Podfile.lock\" \"${PODS_ROOT}/Manifest.lock\" > /dev/null\nif [ $? != 0 ] ; then\n    # print error to STDERR\n    echo \"error: The sandbox is not in sync with the Podfile.lock. Run 'pod install' or update your CocoaPods installation.\" >&2\n    exit 1\nfi\n";
			showEnvVarsInLog = 0;
		};
/* End PBXShellScriptBuildPhase section */

/* Begin PBXSourcesBuildPhase section */
		77A1125D1DD4705D0048310B /* Sources */ = {
			isa = PBXSourcesBuildPhase;
			buildActionMask = 2147483647;
			files = (
				771F49A51E0A2D9300BB30B1 /* SJQNetworkReachability.m in Sources */,
				771F49A41E0A2D9300BB30B1 /* SJQBaseAPIManager.m in Sources */,
				771F49A31E0A2D9300BB30B1 /* APIManagerListAPI.m in Sources */,
				77A1126C1DD4705D0048310B /* ViewController.m in Sources */,
				771F49A61E0A2D9300BB30B1 /* SJQCacheObject.m in Sources */,
				77A112691DD4705D0048310B /* AppDelegate.m in Sources */,
				77A112661DD4705D0048310B /* main.m in Sources */,
				771F49A21E0A2D9300BB30B1 /* APIBaseReformer.m in Sources */,
				771F49A71E0A2D9300BB30B1 /* SJQRequestCache.m in Sources */,
			);
			runOnlyForDeploymentPostprocessing = 0;
		};
/* End PBXSourcesBuildPhase section */

/* Begin PBXVariantGroup section */
		77A1126D1DD4705D0048310B /* Main.storyboard */ = {
			isa = PBXVariantGroup;
			children = (
				77A1126E1DD4705D0048310B /* Base */,
			);
			name = Main.storyboard;
			sourceTree = "<group>";
		};
		77A112721DD4705D0048310B /* LaunchScreen.storyboard */ = {
			isa = PBXVariantGroup;
			children = (
				77A112731DD4705D0048310B /* Base */,
			);
			name = LaunchScreen.storyboard;
			sourceTree = "<group>";
		};
/* End PBXVariantGroup section */

/* Begin XCBuildConfiguration section */
		77A112761DD4705D0048310B /* Debug */ = {
			isa = XCBuildConfiguration;
			buildSettings = {
				ALWAYS_SEARCH_USER_PATHS = NO;
				CLANG_ANALYZER_NONNULL = YES;
				CLANG_CXX_LANGUAGE_STANDARD = "gnu++0x";
				CLANG_CXX_LIBRARY = "libc++";
				CLANG_ENABLE_MODULES = YES;
				CLANG_ENABLE_OBJC_ARC = YES;
				CLANG_WARN_BOOL_CONVERSION = YES;
				CLANG_WARN_CONSTANT_CONVERSION = YES;
				CLANG_WARN_DIRECT_OBJC_ISA_USAGE = YES_ERROR;
				CLANG_WARN_DOCUMENTATION_COMMENTS = YES;
				CLANG_WARN_EMPTY_BODY = YES;
				CLANG_WARN_ENUM_CONVERSION = YES;
				CLANG_WARN_INFINITE_RECURSION = YES;
				CLANG_WARN_INT_CONVERSION = YES;
				CLANG_WARN_OBJC_ROOT_CLASS = YES_ERROR;
				CLANG_WARN_SUSPICIOUS_MOVES = YES;
				CLANG_WARN_UNREACHABLE_CODE = YES;
				CLANG_WARN__DUPLICATE_METHOD_MATCH = YES;
				"CODE_SIGN_IDENTITY[sdk=iphoneos*]" = "iPhone Developer";
				COPY_PHASE_STRIP = NO;
				DEBUG_INFORMATION_FORMAT = dwarf;
				ENABLE_STRICT_OBJC_MSGSEND = YES;
				ENABLE_TESTABILITY = YES;
				GCC_C_LANGUAGE_STANDARD = gnu99;
				GCC_DYNAMIC_NO_PIC = NO;
				GCC_NO_COMMON_BLOCKS = YES;
				GCC_OPTIMIZATION_LEVEL = 0;
				GCC_PREPROCESSOR_DEFINITIONS = (
					"DEBUG=1",
					"$(inherited)",
				);
				GCC_WARN_64_TO_32_BIT_CONVERSION = YES;
				GCC_WARN_ABOUT_RETURN_TYPE = YES_ERROR;
				GCC_WARN_UNDECLARED_SELECTOR = YES;
				GCC_WARN_UNINITIALIZED_AUTOS = YES_AGGRESSIVE;
				GCC_WARN_UNUSED_FUNCTION = YES;
				GCC_WARN_UNUSED_VARIABLE = YES;
				IPHONEOS_DEPLOYMENT_TARGET = 10.1;
				MTL_ENABLE_DEBUG_INFO = YES;
				ONLY_ACTIVE_ARCH = YES;
				SDKROOT = iphoneos;
			};
			name = Debug;
		};
		77A112771DD4705D0048310B /* Release */ = {
			isa = XCBuildConfiguration;
			buildSettings = {
				ALWAYS_SEARCH_USER_PATHS = NO;
				CLANG_ANALYZER_NONNULL = YES;
				CLANG_CXX_LANGUAGE_STANDARD = "gnu++0x";
				CLANG_CXX_LIBRARY = "libc++";
				CLANG_ENABLE_MODULES = YES;
				CLANG_ENABLE_OBJC_ARC = YES;
				CLANG_WARN_BOOL_CONVERSION = YES;
				CLANG_WARN_CONSTANT_CONVERSION = YES;
				CLANG_WARN_DIRECT_OBJC_ISA_USAGE = YES_ERROR;
				CLANG_WARN_DOCUMENTATION_COMMENTS = YES;
				CLANG_WARN_EMPTY_BODY = YES;
				CLANG_WARN_ENUM_CONVERSION = YES;
				CLANG_WARN_INFINITE_RECURSION = YES;
				CLANG_WARN_INT_CONVERSION = YES;
				CLANG_WARN_OBJC_ROOT_CLASS = YES_ERROR;
				CLANG_WARN_SUSPICIOUS_MOVES = YES;
				CLANG_WARN_UNREACHABLE_CODE = YES;
				CLANG_WARN__DUPLICATE_METHOD_MATCH = YES;
				"CODE_SIGN_IDENTITY[sdk=iphoneos*]" = "iPhone Developer";
				COPY_PHASE_STRIP = NO;
				DEBUG_INFORMATION_FORMAT = "dwarf-with-dsym";
				ENABLE_NS_ASSERTIONS = NO;
				ENABLE_STRICT_OBJC_MSGSEND = YES;
				GCC_C_LANGUAGE_STANDARD = gnu99;
				GCC_NO_COMMON_BLOCKS = YES;
				GCC_WARN_64_TO_32_BIT_CONVERSION = YES;
				GCC_WARN_ABOUT_RETURN_TYPE = YES_ERROR;
				GCC_WARN_UNDECLARED_SELECTOR = YES;
				GCC_WARN_UNINITIALIZED_AUTOS = YES_AGGRESSIVE;
				GCC_WARN_UNUSED_FUNCTION = YES;
				GCC_WARN_UNUSED_VARIABLE = YES;
				IPHONEOS_DEPLOYMENT_TARGET = 10.1;
				MTL_ENABLE_DEBUG_INFO = NO;
				SDKROOT = iphoneos;
				VALIDATE_PRODUCT = YES;
			};
			name = Release;
		};
		77A112791DD4705D0048310B /* Debug */ = {
			isa = XCBuildConfiguration;
			baseConfigurationReference = 62F6EAF39392FE1F46EADC02 /* Pods-hehe-APIManagerDemo.debug.xcconfig */;
			buildSettings = {
				ASSETCATALOG_COMPILER_APPICON_NAME = AppIcon;
				DEVELOPMENT_TEAM = 8LR69FR7QG;
				INFOPLIST_FILE = APIManagerDemo/Info.plist;
				LD_RUNPATH_SEARCH_PATHS = "$(inherited) @executable_path/Frameworks";
				PRODUCT_BUNDLE_IDENTIFIER = com.BaoliNetworkTechnology.APIManagerDemo;
				PRODUCT_NAME = "$(TARGET_NAME)";
			};
			name = Debug;
		};
		77A1127A1DD4705D0048310B /* Release */ = {
			isa = XCBuildConfiguration;
			baseConfigurationReference = 0074F75095155D6572A372A9 /* Pods-hehe-APIManagerDemo.release.xcconfig */;
			buildSettings = {
				ASSETCATALOG_COMPILER_APPICON_NAME = AppIcon;
				DEVELOPMENT_TEAM = 8LR69FR7QG;
				INFOPLIST_FILE = APIManagerDemo/Info.plist;
				LD_RUNPATH_SEARCH_PATHS = "$(inherited) @executable_path/Frameworks";
				PRODUCT_BUNDLE_IDENTIFIER = com.BaoliNetworkTechnology.APIManagerDemo;
				PRODUCT_NAME = "$(TARGET_NAME)";
			};
			name = Release;
		};
/* End XCBuildConfiguration section */

/* Begin XCConfigurationList section */
		77A1125C1DD4705D0048310B /* Build configuration list for PBXProject "APIManagerDemo" */ = {
			isa = XCConfigurationList;
			buildConfigurations = (
				77A112761DD4705D0048310B /* Debug */,
				77A112771DD4705D0048310B /* Release */,
			);
			defaultConfigurationIsVisible = 0;
			defaultConfigurationName = Release;
		};
		77A112781DD4705D0048310B /* Build configuration list for PBXNativeTarget "APIManagerDemo" */ = {
			isa = XCConfigurationList;
			buildConfigurations = (
				77A112791DD4705D0048310B /* Debug */,
				77A1127A1DD4705D0048310B /* Release */,
			);
			defaultConfigurationIsVisible = 0;
			defaultConfigurationName = Release;
		};
/* End XCConfigurationList section */
	};
	rootObject = 77A112591DD4705D0048310B /* Project object */;
}
